
Microsoft Visual Studio Solution File, Format Version 12.00
# Visual Studio Version 16
VisualStudioVersion = 16.0.810.4
MinimumVisualStudioVersion = 10.0.40219.1
Project("{FAE04EC0-301F-11D3-BF4B-00C04F79EFBC}") = "startegy-design-pattern", "startegy-design-pattern\startegy-design-pattern.csproj", "{A3029404-0AEE-4A23-8C06-3FB04D13AA3C}"
EndProject
Global
	GlobalSection(SolutionConfigurationPlatforms) = preSolution
		Debug|Any CPU = Debug|Any CPU
		Release|Any CPU = Release|Any CPU
	EndGlobalSection
	GlobalSection(ProjectConfigurationPlatforms) = postSolution
		{A3029404-0AEE-4A23-8C06-3FB04D13AA3C}.Debug|Any CPU.ActiveCfg = Debug|Any CPU
		{A3029404-0AEE-4A23-8C06-3FB04D13AA3C}.Debug|Any CPU.Build.0 = Debug|Any CPU
		{A3029404-0AEE-4A23-8C06-3FB04D13AA3C}.Release|Any CPU.ActiveCfg = Release|Any CPU
		{A3029404-0AEE-4A23-8C06-3FB04D13AA3C}.Release|Any CPU.Build.0 = Release|Any CPU
	EndGlobalSection
	GlobalSection(SolutionProperties) = preSolution
		HideSolutionNode = FALSE
	EndGlobalSection
	GlobalSection(ExtensibilityGlobals) = postSolution
		SolutionGuid = {1FF504F7-8AF4-49C5-840E-AE5A00FFAE3C}
	EndGlobalSection
EndGlobal
