
Microsoft Visual Studio Solution File, Format Version 12.00
Project("{FAE04EC0-301F-11D3-BF4B-00C04F79EFBC}") = "Strategy", "Strategy\Strategy.csproj", "{21540D3D-F451-433A-B3B7-E5E3DD1BA5CA}"
EndProject
Global
	GlobalSection(SolutionConfigurationPlatforms) = preSolution
		Debug|Any CPU = Debug|Any CPU
		Release|Any CPU = Release|Any CPU
	EndGlobalSection
	GlobalSection(ProjectConfigurationPlatforms) = postSolution
		{21540D3D-F451-433A-B3B7-E5E3DD1BA5CA}.Debug|Any CPU.ActiveCfg = Debug|Any CPU
		{21540D3D-F451-433A-B3B7-E5E3DD1BA5CA}.Debug|Any CPU.Build.0 = Debug|Any CPU
		{21540D3D-F451-433A-B3B7-E5E3DD1BA5CA}.Release|Any CPU.ActiveCfg = Release|Any CPU
		{21540D3D-F451-433A-B3B7-E5E3DD1BA5CA}.Release|Any CPU.Build.0 = Release|Any CPU
	EndGlobalSection
EndGlobal
