
Microsoft Visual Studio Solution File, Format Version 12.00
# Visual Studio Version 16
VisualStudioVersion = 16.0.31402.337
MinimumVisualStudioVersion = 10.0.40219.1
Project("{FAE04EC0-301F-11D3-BF4B-00C04F79EFBC}") = "StrategyDesignPatterns", "StrategyDesignPatterns\StrategyDesignPatterns.csproj", "{97A49DB6-1EB4-4141-86E4-D7C5EC07952B}"
EndProject
Global
	GlobalSection(SolutionConfigurationPlatforms) = preSolution
		Debug|Any CPU = Debug|Any CPU
		Release|Any CPU = Release|Any CPU
	EndGlobalSection
	GlobalSection(ProjectConfigurationPlatforms) = postSolution
		{97A49DB6-1EB4-4141-86E4-D7C5EC07952B}.Debug|Any CPU.ActiveCfg = Debug|Any CPU
		{97A49DB6-1EB4-4141-86E4-D7C5EC07952B}.Debug|Any CPU.Build.0 = Debug|Any CPU
		{97A49DB6-1EB4-4141-86E4-D7C5EC07952B}.Release|Any CPU.ActiveCfg = Release|Any CPU
		{97A49DB6-1EB4-4141-86E4-D7C5EC07952B}.Release|Any CPU.Build.0 = Release|Any CPU
	EndGlobalSection
	GlobalSection(SolutionProperties) = preSolution
		HideSolutionNode = FALSE
	EndGlobalSection
	GlobalSection(ExtensibilityGlobals) = postSolution
		SolutionGuid = {52A53310-0CF9-4E0E-A41A-3B122C8EEBA1}
	EndGlobalSection
EndGlobal
