
Microsoft Visual Studio Solution File, Format Version 12.00
# Visual Studio Version 16
VisualStudioVersion = 16.0.31205.134
MinimumVisualStudioVersion = 10.0.40219.1
Project("{FAE04EC0-301F-11D3-BF4B-00C04F79EFBC}") = "strategyPattern", "strategyPattern\strategyPattern.csproj", "{06A1A302-DB8B-45AF-AD7E-5E479D10CEB8}"
EndProject
Global
	GlobalSection(SolutionConfigurationPlatforms) = preSolution
		Debug|Any CPU = Debug|Any CPU
		Release|Any CPU = Release|Any CPU
	EndGlobalSection
	GlobalSection(ProjectConfigurationPlatforms) = postSolution
		{06A1A302-DB8B-45AF-AD7E-5E479D10CEB8}.Debug|Any CPU.ActiveCfg = Debug|Any CPU
		{06A1A302-DB8B-45AF-AD7E-5E479D10CEB8}.Debug|Any CPU.Build.0 = Debug|Any CPU
		{06A1A302-DB8B-45AF-AD7E-5E479D10CEB8}.Release|Any CPU.ActiveCfg = Release|Any CPU
		{06A1A302-DB8B-45AF-AD7E-5E479D10CEB8}.Release|Any CPU.Build.0 = Release|Any CPU
	EndGlobalSection
	GlobalSection(SolutionProperties) = preSolution
		HideSolutionNode = FALSE
	EndGlobalSection
	GlobalSection(ExtensibilityGlobals) = postSolution
		SolutionGuid = {B544F68D-C68C-4059-AFEA-7EDD66B3BD13}
	EndGlobalSection
EndGlobal
