
Microsoft Visual Studio Solution File, Format Version 12.00
# Visual Studio Version 16
VisualStudioVersion = 16.0.31321.278
MinimumVisualStudioVersion = 10.0.40219.1
Project("{FAE04EC0-301F-11D3-BF4B-00C04F79EFBC}") = "StratgyDesignPattern", "StratgyDesignPattern\StratgyDesignPattern.csproj", "{9B5B7564-1B98-4663-8A8C-350F54FEF7A1}"
EndProject
Global
	GlobalSection(SolutionConfigurationPlatforms) = preSolution
		Debug|Any CPU = Debug|Any CPU
		Release|Any CPU = Release|Any CPU
	EndGlobalSection
	GlobalSection(ProjectConfigurationPlatforms) = postSolution
		{9B5B7564-1B98-4663-8A8C-350F54FEF7A1}.Debug|Any CPU.ActiveCfg = Debug|Any CPU
		{9B5B7564-1B98-4663-8A8C-350F54FEF7A1}.Debug|Any CPU.Build.0 = Debug|Any CPU
		{9B5B7564-1B98-4663-8A8C-350F54FEF7A1}.Release|Any CPU.ActiveCfg = Release|Any CPU
		{9B5B7564-1B98-4663-8A8C-350F54FEF7A1}.Release|Any CPU.Build.0 = Release|Any CPU
	EndGlobalSection
	GlobalSection(SolutionProperties) = preSolution
		HideSolutionNode = FALSE
	EndGlobalSection
	GlobalSection(ExtensibilityGlobals) = postSolution
		SolutionGuid = {81209911-B3C6-4B50-B6C3-622953B41C8B}
	EndGlobalSection
EndGlobal
